
Microsoft Visual Studio Solution File, Format Version 12.00
# Visual Studio Version 16
VisualStudioVersion = 16.0.30413.136
MinimumVisualStudioVersion = 15.0.26124.0
Project("{9A19103F-16F7-4668-BE54-9A1E7A4F7556}") = "Database1", "Database1\Database1.csproj", "{773311FE-8485-4E5D-8300-9DB14CCEFEC3}"
EndProject
Global
	GlobalSection(SolutionConfigurationPlatforms) = preSolution
		Debug|Any CPU = Debug|Any CPU
		Release|Any CPU = Release|Any CPU
	EndGlobalSection
	GlobalSection(ProjectConfigurationPlatforms) = postSolution
		{773311FE-8485-4E5D-8300-9DB14CCEFEC3}.Debug|Any CPU.ActiveCfg = Debug|Any CPU
		{773311FE-8485-4E5D-8300-9DB14CCEFEC3}.Debug|Any CPU.Build.0 = Debug|Any CPU
		{773311FE-8485-4E5D-8300-9DB14CCEFEC3}.Release|Any CPU.ActiveCfg = Release|Any CPU
		{773311FE-8485-4E5D-8300-9DB14CCEFEC3}.Release|Any CPU.Build.0 = Release|Any CPU
	EndGlobalSection
	GlobalSection(SolutionProperties) = preSolution
		HideSolutionNode = FALSE
	EndGlobalSection
	GlobalSection(ExtensibilityGlobals) = postSolution
		SolutionGuid = {2A591E44-15BD-4BD6-AFCA-0E7ACB3003E2}
	EndGlobalSection
EndGlobal
